// !$*UTF8*$!
{
	archiveVersion = 1;
	classes = {
	};
	objectVersion = 50;
	objects = {

/* Begin PBXBuildFile section */
		1E1CB88226700C260045073A /* day11.swift in Sources */ = {isa = PBXBuildFile; fileRef = 1E1CB88126700C260045073A /* day11.swift */; };
		1E2DD0CF2679344A00F6BF7C /* day14.swift in Sources */ = {isa = PBXBuildFile; fileRef = 1E2DD0CE2679344A00F6BF7C /* day14.swift */; };
		1E40133A265C4D3C0064BDDC /* day05.swift in Sources */ = {isa = PBXBuildFile; fileRef = 1E401339265C4D3C0064BDDC /* day05.swift */; };
		1E4E189B26657ECC007D48EE /* day08.swift in Sources */ = {isa = PBXBuildFile; fileRef = 1E4E189A26657ECC007D48EE /* day08.swift */; };
		1E6F2EBC2655E1CF00550B9E /* day02.swift in Sources */ = {isa = PBXBuildFile; fileRef = 1E6F2EBB2655E1CF00550B9E /* day02.swift */; };
		1E7AD231265892810038DD15 /* day04.swift in Sources */ = {isa = PBXBuildFile; fileRef = 1E7AD230265892810038DD15 /* day04.swift */; };
		1E7CCD9F26681B470065A7B0 /* day09.swift in Sources */ = {isa = PBXBuildFile; fileRef = 1E7CCD9E26681B470065A7B0 /* day09.swift */; };
		1E804A80267BB12400352287 /* day15.swift in Sources */ = {isa = PBXBuildFile; fileRef = 1E804A7F267BB12400352287 /* day15.swift */; };
		1E908C6D266B5A2B00B47E2F /* day10.swift in Sources */ = {isa = PBXBuildFile; fileRef = 1E908C6C266B5A2B00B47E2F /* day10.swift */; };
		1EBAAB8B2673F3DA007C978B /* day12.swift in Sources */ = {isa = PBXBuildFile; fileRef = 1EBAAB8A2673F3DA007C978B /* day12.swift */; };
		1EBAAB8E26742766007C978B /* day13.swift in Sources */ = {isa = PBXBuildFile; fileRef = 1EBAAB8D26742766007C978B /* day13.swift */; };
		1EBD9D8E2652BD5F0024A8C0 /* main.swift in Sources */ = {isa = PBXBuildFile; fileRef = 1EBD9D8D2652BD5F0024A8C0 /* main.swift */; };
		1EBD9D952652BD840024A8C0 /* helpers.swift in Sources */ = {isa = PBXBuildFile; fileRef = 1EBD9D942652BD840024A8C0 /* helpers.swift */; };
		1EBD9D972652BDBA0024A8C0 /* day01.swift in Sources */ = {isa = PBXBuildFile; fileRef = 1EBD9D962652BDBA0024A8C0 /* day01.swift */; };
		1ECF7D00266180A600C8A884 /* day07.swift in Sources */ = {isa = PBXBuildFile; fileRef = 1ECF7CFF266180A600C8A884 /* day07.swift */; };
		1ED0DB6F2655F12A00DCDE87 /* day03.swift in Sources */ = {isa = PBXBuildFile; fileRef = 1ED0DB6E2655F12A00DCDE87 /* day03.swift */; };
		1EDE248F266059D600B10F62 /* day06.swift in Sources */ = {isa = PBXBuildFile; fileRef = 1EDE248E266059D600B10F62 /* day06.swift */; };
/* End PBXBuildFile section */

/* Begin PBXCopyFilesBuildPhase section */
		1EBD9D882652BD5F0024A8C0 /* CopyFiles */ = {
			isa = PBXCopyFilesBuildPhase;
			buildActionMask = 2147483647;
			dstPath = /usr/share/man/man1/;
			dstSubfolderSpec = 0;
			files = (
			);
			runOnlyForDeploymentPostprocessing = 1;
		};
/* End PBXCopyFilesBuildPhase section */

/* Begin PBXFileReference section */
		1E1CB88126700C260045073A /* day11.swift */ = {isa = PBXFileReference; lastKnownFileType = sourcecode.swift; path = day11.swift; sourceTree = "<group>"; };
		1E1CB88326700C3F0045073A /* input11 */ = {isa = PBXFileReference; lastKnownFileType = text; path = input11; sourceTree = "<group>"; };
		1E2DD0CD2679343700F6BF7C /* input14 */ = {isa = PBXFileReference; lastKnownFileType = text; path = input14; sourceTree = "<group>"; };
		1E2DD0CE2679344A00F6BF7C /* day14.swift */ = {isa = PBXFileReference; lastKnownFileType = sourcecode.swift; path = day14.swift; sourceTree = "<group>"; };
		1E401339265C4D3C0064BDDC /* day05.swift */ = {isa = PBXFileReference; lastKnownFileType = sourcecode.swift; path = day05.swift; sourceTree = "<group>"; };
		1E40133B265C4D5B0064BDDC /* input05 */ = {isa = PBXFileReference; lastKnownFileType = text; path = input05; sourceTree = "<group>"; };
		1E4E189A26657ECC007D48EE /* day08.swift */ = {isa = PBXFileReference; lastKnownFileType = sourcecode.swift; path = day08.swift; sourceTree = "<group>"; };
		1E4E189E26657EF8007D48EE /* input08 */ = {isa = PBXFileReference; lastKnownFileType = text; path = input08; sourceTree = "<group>"; };
		1E6F2EBB2655E1CF00550B9E /* day02.swift */ = {isa = PBXFileReference; lastKnownFileType = sourcecode.swift; path = day02.swift; sourceTree = "<group>"; };
		1E7AD230265892810038DD15 /* day04.swift */ = {isa = PBXFileReference; lastKnownFileType = sourcecode.swift; path = day04.swift; sourceTree = "<group>"; };
		1E7AD232265892AD0038DD15 /* input04 */ = {isa = PBXFileReference; lastKnownFileType = text; path = input04; sourceTree = "<group>"; };
		1E7CCD9E26681B470065A7B0 /* day09.swift */ = {isa = PBXFileReference; lastKnownFileType = sourcecode.swift; path = day09.swift; sourceTree = "<group>"; };
		1E7CCDA026681B620065A7B0 /* input09 */ = {isa = PBXFileReference; lastKnownFileType = text; path = input09; sourceTree = "<group>"; };
		1E804A7F267BB12400352287 /* day15.swift */ = {isa = PBXFileReference; lastKnownFileType = sourcecode.swift; path = day15.swift; sourceTree = "<group>"; };
		1E804A81267BB13200352287 /* input15 */ = {isa = PBXFileReference; lastKnownFileType = text; path = input15; sourceTree = "<group>"; };
		1E908C6B266B5A2200B47E2F /* input10 */ = {isa = PBXFileReference; lastKnownFileType = text; path = input10; sourceTree = "<group>"; };
		1E908C6C266B5A2B00B47E2F /* day10.swift */ = {isa = PBXFileReference; lastKnownFileType = sourcecode.swift; path = day10.swift; sourceTree = "<group>"; };
		1EBAAB8A2673F3DA007C978B /* day12.swift */ = {isa = PBXFileReference; lastKnownFileType = sourcecode.swift; path = day12.swift; sourceTree = "<group>"; };
		1EBAAB8C2673F3F6007C978B /* input12 */ = {isa = PBXFileReference; lastKnownFileType = text; path = input12; sourceTree = "<group>"; };
		1EBAAB8D26742766007C978B /* day13.swift */ = {isa = PBXFileReference; lastKnownFileType = sourcecode.swift; path = day13.swift; sourceTree = "<group>"; };
		1EBAAB8F26742784007C978B /* input13 */ = {isa = PBXFileReference; lastKnownFileType = text; path = input13; sourceTree = "<group>"; };
		1EBD9D8A2652BD5F0024A8C0 /* aoc2016 */ = {isa = PBXFileReference; explicitFileType = "compiled.mach-o.executable"; includeInIndex = 0; path = aoc2016; sourceTree = BUILT_PRODUCTS_DIR; };
		1EBD9D8D2652BD5F0024A8C0 /* main.swift */ = {isa = PBXFileReference; lastKnownFileType = sourcecode.swift; path = main.swift; sourceTree = "<group>"; };
		1EBD9D942652BD840024A8C0 /* helpers.swift */ = {isa = PBXFileReference; lastKnownFileType = sourcecode.swift; path = helpers.swift; sourceTree = "<group>"; };
		1EBD9D962652BDBA0024A8C0 /* day01.swift */ = {isa = PBXFileReference; lastKnownFileType = sourcecode.swift; path = day01.swift; sourceTree = "<group>"; };
		1EBD9D982652BDDD0024A8C0 /* input01 */ = {isa = PBXFileReference; lastKnownFileType = text; path = input01; sourceTree = "<group>"; };
		1EBD9D992652BDEC0024A8C0 /* input02 */ = {isa = PBXFileReference; lastKnownFileType = text; path = input02; sourceTree = "<group>"; };
		1ECF7CFF266180A600C8A884 /* day07.swift */ = {isa = PBXFileReference; lastKnownFileType = sourcecode.swift; path = day07.swift; sourceTree = "<group>"; };
		1ECF7D01266180C300C8A884 /* input07 */ = {isa = PBXFileReference; lastKnownFileType = text; path = input07; sourceTree = "<group>"; };
		1ED0DB6E2655F12A00DCDE87 /* day03.swift */ = {isa = PBXFileReference; lastKnownFileType = sourcecode.swift; path = day03.swift; sourceTree = "<group>"; };
		1ED0DB702655F13600DCDE87 /* input03 */ = {isa = PBXFileReference; lastKnownFileType = text; path = input03; sourceTree = "<group>"; };
		1EDE248E266059D600B10F62 /* day06.swift */ = {isa = PBXFileReference; lastKnownFileType = sourcecode.swift; path = day06.swift; sourceTree = "<group>"; };
		1EDE2490266059EF00B10F62 /* input06 */ = {isa = PBXFileReference; lastKnownFileType = text; path = input06; sourceTree = "<group>"; };
/* End PBXFileReference section */

/* Begin PBXFrameworksBuildPhase section */
		1EBD9D872652BD5F0024A8C0 /* Frameworks */ = {
			isa = PBXFrameworksBuildPhase;
			buildActionMask = 2147483647;
			files = (
			);
			runOnlyForDeploymentPostprocessing = 0;
		};
/* End PBXFrameworksBuildPhase section */

/* Begin PBXGroup section */
		1EBD9D812652BD5F0024A8C0 = {
			isa = PBXGroup;
			children = (
				1EBD9D8C2652BD5F0024A8C0 /* aoc2016 */,
				1EBD9D8B2652BD5F0024A8C0 /* Products */,
			);
			sourceTree = "<group>";
		};
		1EBD9D8B2652BD5F0024A8C0 /* Products */ = {
			isa = PBXGroup;
			children = (
				1EBD9D8A2652BD5F0024A8C0 /* aoc2016 */,
			);
			name = Products;
			sourceTree = "<group>";
		};
		1EBD9D8C2652BD5F0024A8C0 /* aoc2016 */ = {
			isa = PBXGroup;
			children = (
				1EBD9D8D2652BD5F0024A8C0 /* main.swift */,
				1EBD9D962652BDBA0024A8C0 /* day01.swift */,
				1E6F2EBB2655E1CF00550B9E /* day02.swift */,
				1ED0DB6E2655F12A00DCDE87 /* day03.swift */,
				1E7AD230265892810038DD15 /* day04.swift */,
				1E401339265C4D3C0064BDDC /* day05.swift */,
				1EDE248E266059D600B10F62 /* day06.swift */,
				1ECF7CFF266180A600C8A884 /* day07.swift */,
				1E4E189A26657ECC007D48EE /* day08.swift */,
				1E7CCD9E26681B470065A7B0 /* day09.swift */,
				1E908C6C266B5A2B00B47E2F /* day10.swift */,
				1E1CB88126700C260045073A /* day11.swift */,
				1EBAAB8A2673F3DA007C978B /* day12.swift */,
				1EBAAB8D26742766007C978B /* day13.swift */,
				1E2DD0CE2679344A00F6BF7C /* day14.swift */,
				1E804A7F267BB12400352287 /* day15.swift */,
				1EBD9D942652BD840024A8C0 /* helpers.swift */,
				1EBD9D9A2652BDFE0024A8C0 /* input */,
			);
			path = aoc2016;
			sourceTree = "<group>";
		};
		1EBD9D9A2652BDFE0024A8C0 /* input */ = {
			isa = PBXGroup;
			children = (
				1EBD9D982652BDDD0024A8C0 /* input01 */,
				1EBD9D992652BDEC0024A8C0 /* input02 */,
				1ED0DB702655F13600DCDE87 /* input03 */,
				1E7AD232265892AD0038DD15 /* input04 */,
				1E40133B265C4D5B0064BDDC /* input05 */,
				1EDE2490266059EF00B10F62 /* input06 */,
				1ECF7D01266180C300C8A884 /* input07 */,
				1E4E189E26657EF8007D48EE /* input08 */,
				1E7CCDA026681B620065A7B0 /* input09 */,
				1E908C6B266B5A2200B47E2F /* input10 */,
				1E1CB88326700C3F0045073A /* input11 */,
				1EBAAB8C2673F3F6007C978B /* input12 */,
				1EBAAB8F26742784007C978B /* input13 */,
				1E2DD0CD2679343700F6BF7C /* input14 */,
				1E804A81267BB13200352287 /* input15 */,
			);
			path = input;
			sourceTree = "<group>";
		};
/* End PBXGroup section */

/* Begin PBXNativeTarget section */
		1EBD9D892652BD5F0024A8C0 /* aoc2016 */ = {
			isa = PBXNativeTarget;
			buildConfigurationList = 1EBD9D912652BD5F0024A8C0 /* Build configuration list for PBXNativeTarget "aoc2016" */;
			buildPhases = (
				1EBD9D862652BD5F0024A8C0 /* Sources */,
				1EBD9D872652BD5F0024A8C0 /* Frameworks */,
				1EBD9D882652BD5F0024A8C0 /* CopyFiles */,
			);
			buildRules = (
			);
			dependencies = (
			);
			name = aoc2016;
			productName = aoc2016;
			productReference = 1EBD9D8A2652BD5F0024A8C0 /* aoc2016 */;
			productType = "com.apple.product-type.tool";
		};
/* End PBXNativeTarget section */

/* Begin PBXProject section */
		1EBD9D822652BD5F0024A8C0 /* Project object */ = {
			isa = PBXProject;
			attributes = {
				LastSwiftUpdateCheck = 1250;
				LastUpgradeCheck = 1250;
				TargetAttributes = {
					1EBD9D892652BD5F0024A8C0 = {
						CreatedOnToolsVersion = 12.5;
					};
				};
			};
			buildConfigurationList = 1EBD9D852652BD5F0024A8C0 /* Build configuration list for PBXProject "aoc2016" */;
			compatibilityVersion = "Xcode 9.3";
			developmentRegion = en;
			hasScannedForEncodings = 0;
			knownRegions = (
				en,
				Base,
			);
			mainGroup = 1EBD9D812652BD5F0024A8C0;
			productRefGroup = 1EBD9D8B2652BD5F0024A8C0 /* Products */;
			projectDirPath = "";
			projectRoot = "";
			targets = (
				1EBD9D892652BD5F0024A8C0 /* aoc2016 */,
			);
		};
/* End PBXProject section */

/* Begin PBXSourcesBuildPhase section */
		1EBD9D862652BD5F0024A8C0 /* Sources */ = {
			isa = PBXSourcesBuildPhase;
			buildActionMask = 2147483647;
			files = (
				1EBD9D8E2652BD5F0024A8C0 /* main.swift in Sources */,
				1EBD9D952652BD840024A8C0 /* helpers.swift in Sources */,
				1EBAAB8E26742766007C978B /* day13.swift in Sources */,
				1E4E189B26657ECC007D48EE /* day08.swift in Sources */,
				1EDE248F266059D600B10F62 /* day06.swift in Sources */,
				1E7AD231265892810038DD15 /* day04.swift in Sources */,
				1E908C6D266B5A2B00B47E2F /* day10.swift in Sources */,
				1ED0DB6F2655F12A00DCDE87 /* day03.swift in Sources */,
				1EBAAB8B2673F3DA007C978B /* day12.swift in Sources */,
				1E2DD0CF2679344A00F6BF7C /* day14.swift in Sources */,
				1E6F2EBC2655E1CF00550B9E /* day02.swift in Sources */,
				1E40133A265C4D3C0064BDDC /* day05.swift in Sources */,
				1EBD9D972652BDBA0024A8C0 /* day01.swift in Sources */,
				1E804A80267BB12400352287 /* day15.swift in Sources */,
				1ECF7D00266180A600C8A884 /* day07.swift in Sources */,
				1E7CCD9F26681B470065A7B0 /* day09.swift in Sources */,
				1E1CB88226700C260045073A /* day11.swift in Sources */,
			);
			runOnlyForDeploymentPostprocessing = 0;
		};
/* End PBXSourcesBuildPhase section */

/* Begin XCBuildConfiguration section */
		1EBD9D8F2652BD5F0024A8C0 /* Debug */ = {
			isa = XCBuildConfiguration;
			buildSettings = {
				ALWAYS_SEARCH_USER_PATHS = NO;
				CLANG_ANALYZER_NONNULL = YES;
				CLANG_ANALYZER_NUMBER_OBJECT_CONVERSION = YES_AGGRESSIVE;
				CLANG_CXX_LANGUAGE_STANDARD = "gnu++14";
				CLANG_CXX_LIBRARY = "libc++";
				CLANG_ENABLE_MODULES = YES;
				CLANG_ENABLE_OBJC_ARC = YES;
				CLANG_ENABLE_OBJC_WEAK = YES;
				CLANG_WARN_BLOCK_CAPTURE_AUTORELEASING = YES;
				CLANG_WARN_BOOL_CONVERSION = YES;
				CLANG_WARN_COMMA = YES;
				CLANG_WARN_CONSTANT_CONVERSION = YES;
				CLANG_WARN_DEPRECATED_OBJC_IMPLEMENTATIONS = YES;
				CLANG_WARN_DIRECT_OBJC_ISA_USAGE = YES_ERROR;
				CLANG_WARN_DOCUMENTATION_COMMENTS = YES;
				CLANG_WARN_EMPTY_BODY = YES;
				CLANG_WARN_ENUM_CONVERSION = YES;
				CLANG_WARN_INFINITE_RECURSION = YES;
				CLANG_WARN_INT_CONVERSION = YES;
				CLANG_WARN_NON_LITERAL_NULL_CONVERSION = YES;
				CLANG_WARN_OBJC_IMPLICIT_RETAIN_SELF = YES;
				CLANG_WARN_OBJC_LITERAL_CONVERSION = YES;
				CLANG_WARN_OBJC_ROOT_CLASS = YES_ERROR;
				CLANG_WARN_QUOTED_INCLUDE_IN_FRAMEWORK_HEADER = YES;
				CLANG_WARN_RANGE_LOOP_ANALYSIS = YES;
				CLANG_WARN_STRICT_PROTOTYPES = YES;
				CLANG_WARN_SUSPICIOUS_MOVE = YES;
				CLANG_WARN_UNGUARDED_AVAILABILITY = YES_AGGRESSIVE;
				CLANG_WARN_UNREACHABLE_CODE = YES;
				CLANG_WARN__DUPLICATE_METHOD_MATCH = YES;
				COPY_PHASE_STRIP = NO;
				DEBUG_INFORMATION_FORMAT = dwarf;
				ENABLE_STRICT_OBJC_MSGSEND = YES;
				ENABLE_TESTABILITY = YES;
				GCC_C_LANGUAGE_STANDARD = gnu11;
				GCC_DYNAMIC_NO_PIC = NO;
				GCC_NO_COMMON_BLOCKS = YES;
				GCC_OPTIMIZATION_LEVEL = 0;
				GCC_PREPROCESSOR_DEFINITIONS = (
					"DEBUG=1",
					"$(inherited)",
				);
				GCC_WARN_64_TO_32_BIT_CONVERSION = YES;
				GCC_WARN_ABOUT_RETURN_TYPE = YES_ERROR;
				GCC_WARN_UNDECLARED_SELECTOR = YES;
				GCC_WARN_UNINITIALIZED_AUTOS = YES_AGGRESSIVE;
				GCC_WARN_UNUSED_FUNCTION = YES;
				GCC_WARN_UNUSED_VARIABLE = YES;
				MACOSX_DEPLOYMENT_TARGET = 11.3;
				MTL_ENABLE_DEBUG_INFO = INCLUDE_SOURCE;
				MTL_FAST_MATH = YES;
				ONLY_ACTIVE_ARCH = YES;
				SDKROOT = macosx;
				SWIFT_ACTIVE_COMPILATION_CONDITIONS = DEBUG;
				SWIFT_OPTIMIZATION_LEVEL = "-Onone";
			};
			name = Debug;
		};
		1EBD9D902652BD5F0024A8C0 /* Release */ = {
			isa = XCBuildConfiguration;
			buildSettings = {
				ALWAYS_SEARCH_USER_PATHS = NO;
				CLANG_ANALYZER_NONNULL = YES;
				CLANG_ANALYZER_NUMBER_OBJECT_CONVERSION = YES_AGGRESSIVE;
				CLANG_CXX_LANGUAGE_STANDARD = "gnu++14";
				CLANG_CXX_LIBRARY = "libc++";
				CLANG_ENABLE_MODULES = YES;
				CLANG_ENABLE_OBJC_ARC = YES;
				CLANG_ENABLE_OBJC_WEAK = YES;
				CLANG_WARN_BLOCK_CAPTURE_AUTORELEASING = YES;
				CLANG_WARN_BOOL_CONVERSION = YES;
				CLANG_WARN_COMMA = YES;
				CLANG_WARN_CONSTANT_CONVERSION = YES;
				CLANG_WARN_DEPRECATED_OBJC_IMPLEMENTATIONS = YES;
				CLANG_WARN_DIRECT_OBJC_ISA_USAGE = YES_ERROR;
				CLANG_WARN_DOCUMENTATION_COMMENTS = YES;
				CLANG_WARN_EMPTY_BODY = YES;
				CLANG_WARN_ENUM_CONVERSION = YES;
				CLANG_WARN_INFINITE_RECURSION = YES;
				CLANG_WARN_INT_CONVERSION = YES;
				CLANG_WARN_NON_LITERAL_NULL_CONVERSION = YES;
				CLANG_WARN_OBJC_IMPLICIT_RETAIN_SELF = YES;
				CLANG_WARN_OBJC_LITERAL_CONVERSION = YES;
				CLANG_WARN_OBJC_ROOT_CLASS = YES_ERROR;
				CLANG_WARN_QUOTED_INCLUDE_IN_FRAMEWORK_HEADER = YES;
				CLANG_WARN_RANGE_LOOP_ANALYSIS = YES;
				CLANG_WARN_STRICT_PROTOTYPES = YES;
				CLANG_WARN_SUSPICIOUS_MOVE = YES;
				CLANG_WARN_UNGUARDED_AVAILABILITY = YES_AGGRESSIVE;
				CLANG_WARN_UNREACHABLE_CODE = YES;
				CLANG_WARN__DUPLICATE_METHOD_MATCH = YES;
				COPY_PHASE_STRIP = NO;
				DEBUG_INFORMATION_FORMAT = "dwarf-with-dsym";
				ENABLE_NS_ASSERTIONS = NO;
				ENABLE_STRICT_OBJC_MSGSEND = YES;
				GCC_C_LANGUAGE_STANDARD = gnu11;
				GCC_NO_COMMON_BLOCKS = YES;
				GCC_WARN_64_TO_32_BIT_CONVERSION = YES;
				GCC_WARN_ABOUT_RETURN_TYPE = YES_ERROR;
				GCC_WARN_UNDECLARED_SELECTOR = YES;
				GCC_WARN_UNINITIALIZED_AUTOS = YES_AGGRESSIVE;
				GCC_WARN_UNUSED_FUNCTION = YES;
				GCC_WARN_UNUSED_VARIABLE = YES;
				MACOSX_DEPLOYMENT_TARGET = 11.3;
				MTL_ENABLE_DEBUG_INFO = NO;
				MTL_FAST_MATH = YES;
				SDKROOT = macosx;
				SWIFT_COMPILATION_MODE = wholemodule;
				SWIFT_OPTIMIZATION_LEVEL = "-O";
			};
			name = Release;
		};
		1EBD9D922652BD5F0024A8C0 /* Debug */ = {
			isa = XCBuildConfiguration;
			buildSettings = {
				CODE_SIGN_STYLE = Automatic;
				PRODUCT_NAME = "$(TARGET_NAME)";
				SWIFT_VERSION = 5.0;
			};
			name = Debug;
		};
		1EBD9D932652BD5F0024A8C0 /* Release */ = {
			isa = XCBuildConfiguration;
			buildSettings = {
				CODE_SIGN_STYLE = Automatic;
				PRODUCT_NAME = "$(TARGET_NAME)";
				SWIFT_VERSION = 5.0;
			};
			name = Release;
		};
/* End XCBuildConfiguration section */

/* Begin XCConfigurationList section */
		1EBD9D852652BD5F0024A8C0 /* Build configuration list for PBXProject "aoc2016" */ = {
			isa = XCConfigurationList;
			buildConfigurations = (
				1EBD9D8F2652BD5F0024A8C0 /* Debug */,
				1EBD9D902652BD5F0024A8C0 /* Release */,
			);
			defaultConfigurationIsVisible = 0;
			defaultConfigurationName = Release;
		};
		1EBD9D912652BD5F0024A8C0 /* Build configuration list for PBXNativeTarget "aoc2016" */ = {
			isa = XCConfigurationList;
			buildConfigurations = (
				1EBD9D922652BD5F0024A8C0 /* Debug */,
				1EBD9D932652BD5F0024A8C0 /* Release */,
			);
			defaultConfigurationIsVisible = 0;
			defaultConfigurationName = Release;
		};
/* End XCConfigurationList section */
	};
	rootObject = 1EBD9D822652BD5F0024A8C0 /* Project object */;
}
